
Microsoft Visual Studio Solution File, Format Version 12.00
# Visual Studio Version 16
VisualStudioVersion = 16.0.31410.357
MinimumVisualStudioVersion = 10.0.40219.1
Project("{FAE04EC0-301F-11D3-BF4B-00C04F79EFBC}") = "AspDotDeomApp", "AspDotDeomApp\AspDotDeomApp.csproj", "{70A01699-F58B-497D-9FF2-5BDBAB251AFE}"
EndProject
Global
	GlobalSection(SolutionConfigurationPlatforms) = preSolution
		Debug|Any CPU = Debug|Any CPU
		Release|Any CPU = Release|Any CPU
	EndGlobalSection
	GlobalSection(ProjectConfigurationPlatforms) = postSolution
		{70A01699-F58B-497D-9FF2-5BDBAB251AFE}.Debug|Any CPU.ActiveCfg = Debug|Any CPU
		{70A01699-F58B-497D-9FF2-5BDBAB251AFE}.Debug|Any CPU.Build.0 = Debug|Any CPU
		{70A01699-F58B-497D-9FF2-5BDBAB251AFE}.Release|Any CPU.ActiveCfg = Release|Any CPU
		{70A01699-F58B-497D-9FF2-5BDBAB251AFE}.Release|Any CPU.Build.0 = Release|Any CPU
	EndGlobalSection
	GlobalSection(SolutionProperties) = preSolution
		HideSolutionNode = FALSE
	EndGlobalSection
	GlobalSection(ExtensibilityGlobals) = postSolution
		SolutionGuid = {7CFA509F-E295-4E0E-BB29-27E88A8FFEA9}
	EndGlobalSection
EndGlobal
